
Microsoft Visual Studio Solution File, Format Version 12.00
# Visual Studio 2012
Project("{FAE04EC0-301F-11D3-BF4B-00C04F79EFBC}") = "FIRST", "FIRST\FIRST.csproj", "{A9F872A5-9C9B-4175-8DE0-E4EAE6EB598E}"
EndProject
Global
	GlobalSection(SolutionConfigurationPlatforms) = preSolution
		Debug|Any CPU = Debug|Any CPU
		Release|Any CPU = Release|Any CPU
	EndGlobalSection
	GlobalSection(ProjectConfigurationPlatforms) = postSolution
		{A9F872A5-9C9B-4175-8DE0-E4EAE6EB598E}.Debug|Any CPU.ActiveCfg = Debug|Any CPU
		{A9F872A5-9C9B-4175-8DE0-E4EAE6EB598E}.Debug|Any CPU.Build.0 = Debug|Any CPU
		{A9F872A5-9C9B-4175-8DE0-E4EAE6EB598E}.Release|Any CPU.ActiveCfg = Release|Any CPU
		{A9F872A5-9C9B-4175-8DE0-E4EAE6EB598E}.Release|Any CPU.Build.0 = Release|Any CPU
	EndGlobalSection
EndGlobal
